// !$*UTF8*$!
{
	archiveVersion = 1;
	classes = {
	};
	objectVersion = 46;
	objects = {

/* Begin PBXBuildFile section */
		7CEAC1891D02782700942C04 /* AppDelegate.swift in Sources */ = {isa = PBXBuildFile; fileRef = 7CEAC1881D02782700942C04 /* AppDelegate.swift */; };
		7CEAC18B1D02782700942C04 /* ViewController.swift in Sources */ = {isa = PBXBuildFile; fileRef = 7CEAC18A1D02782700942C04 /* ViewController.swift */; };
		7CEAC18E1D02782700942C04 /* Main.storyboard in Resources */ = {isa = PBXBuildFile; fileRef = 7CEAC18C1D02782700942C04 /* Main.storyboard */; };
		7CEAC1901D02782700942C04 /* Assets.xcassets in Resources */ = {isa = PBXBuildFile; fileRef = 7CEAC18F1D02782700942C04 /* Assets.xcassets */; };
		7CEAC1931D02782700942C04 /* LaunchScreen.storyboard in Resources */ = {isa = PBXBuildFile; fileRef = 7CEAC1911D02782700942C04 /* LaunchScreen.storyboard */; };
		7CEAC19E1D02782700942C04 /* MailboxTests.swift in Sources */ = {isa = PBXBuildFile; fileRef = 7CEAC19D1D02782700942C04 /* MailboxTests.swift */; };
		7CEAC1A91D02782700942C04 /* MailboxUITests.swift in Sources */ = {isa = PBXBuildFile; fileRef = 7CEAC1A81D02782700942C04 /* MailboxUITests.swift */; };
		7CEAC1B81D0281A200942C04 /* MailboxViewController.swift in Sources */ = {isa = PBXBuildFile; fileRef = 7CEAC1B71D0281A200942C04 /* MailboxViewController.swift */; };
/* End PBXBuildFile section */

/* Begin PBXContainerItemProxy section */
		7CEAC19A1D02782700942C04 /* PBXContainerItemProxy */ = {
			isa = PBXContainerItemProxy;
			containerPortal = 7CEAC17D1D02782700942C04 /* Project object */;
			proxyType = 1;
			remoteGlobalIDString = 7CEAC1841D02782700942C04;
			remoteInfo = Mailbox;
		};
		7CEAC1A51D02782700942C04 /* PBXContainerItemProxy */ = {
			isa = PBXContainerItemProxy;
			containerPortal = 7CEAC17D1D02782700942C04 /* Project object */;
			proxyType = 1;
			remoteGlobalIDString = 7CEAC1841D02782700942C04;
			remoteInfo = Mailbox;
		};
/* End PBXContainerItemProxy section */

/* Begin PBXFileReference section */
		7CEAC1851D02782700942C04 /* Mailbox.app */ = {isa = PBXFileReference; explicitFileType = wrapper.application; includeInIndex = 0; path = Mailbox.app; sourceTree = BUILT_PRODUCTS_DIR; };
		7CEAC1881D02782700942C04 /* AppDelegate.swift */ = {isa = PBXFileReference; lastKnownFileType = sourcecode.swift; path = AppDelegate.swift; sourceTree = "<group>"; };
		7CEAC18A1D02782700942C04 /* ViewController.swift */ = {isa = PBXFileReference; lastKnownFileType = sourcecode.swift; path = ViewController.swift; sourceTree = "<group>"; };
		7CEAC18D1D02782700942C04 /* Base */ = {isa = PBXFileReference; lastKnownFileType = file.storyboard; name = Base; path = Base.lproj/Main.storyboard; sourceTree = "<group>"; };
		7CEAC18F1D02782700942C04 /* Assets.xcassets */ = {isa = PBXFileReference; lastKnownFileType = folder.assetcatalog; path = Assets.xcassets; sourceTree = "<group>"; };
		7CEAC1921D02782700942C04 /* Base */ = {isa = PBXFileReference; lastKnownFileType = file.storyboard; name = Base; path = Base.lproj/LaunchScreen.storyboard; sourceTree = "<group>"; };
		7CEAC1941D02782700942C04 /* Info.plist */ = {isa = PBXFileReference; lastKnownFileType = text.plist.xml; path = Info.plist; sourceTree = "<group>"; };
		7CEAC1991D02782700942C04 /* MailboxTests.xctest */ = {isa = PBXFileReference; explicitFileType = wrapper.cfbundle; includeInIndex = 0; path = MailboxTests.xctest; sourceTree = BUILT_PRODUCTS_DIR; };
		7CEAC19D1D02782700942C04 /* MailboxTests.swift */ = {isa = PBXFileReference; lastKnownFileType = sourcecode.swift; path = MailboxTests.swift; sourceTree = "<group>"; };
		7CEAC19F1D02782700942C04 /* Info.plist */ = {isa = PBXFileReference; lastKnownFileType = text.plist.xml; path = Info.plist; sourceTree = "<group>"; };
		7CEAC1A41D02782700942C04 /* MailboxUITests.xctest */ = {isa = PBXFileReference; explicitFileType = wrapper.cfbundle; includeInIndex = 0; path = MailboxUITests.xctest; sourceTree = BUILT_PRODUCTS_DIR; };
		7CEAC1A81D02782700942C04 /* MailboxUITests.swift */ = {isa = PBXFileReference; lastKnownFileType = sourcecode.swift; path = MailboxUITests.swift; sourceTree = "<group>"; };
		7CEAC1AA1D02782700942C04 /* Info.plist */ = {isa = PBXFileReference; lastKnownFileType = text.plist.xml; path = Info.plist; sourceTree = "<group>"; };
		7CEAC1B71D0281A200942C04 /* MailboxViewController.swift */ = {isa = PBXFileReference; fileEncoding = 4; lastKnownFileType = sourcecode.swift; path = MailboxViewController.swift; sourceTree = "<group>"; };
/* End PBXFileReference section */

/* Begin PBXFrameworksBuildPhase section */
		7CEAC1821D02782700942C04 /* Frameworks */ = {
			isa = PBXFrameworksBuildPhase;
			buildActionMask = 2147483647;
			files = (
			);
			runOnlyForDeploymentPostprocessing = 0;
		};
		7CEAC1961D02782700942C04 /* Frameworks */ = {
			isa = PBXFrameworksBuildPhase;
			buildActionMask = 2147483647;
			files = (
			);
			runOnlyForDeploymentPostprocessing = 0;
		};
		7CEAC1A11D02782700942C04 /* Frameworks */ = {
			isa = PBXFrameworksBuildPhase;
			buildActionMask = 2147483647;
			files = (
			);
			runOnlyForDeploymentPostprocessing = 0;
		};
/* End PBXFrameworksBuildPhase section */

/* Begin PBXGroup section */
		7CEAC17C1D02782700942C04 = {
			isa = PBXGroup;
			children = (
				7CEAC1871D02782700942C04 /* Mailbox */,
				7CEAC19C1D02782700942C04 /* MailboxTests */,
				7CEAC1A71D02782700942C04 /* MailboxUITests */,
				7CEAC1861D02782700942C04 /* Products */,
			);
			sourceTree = "<group>";
		};
		7CEAC1861D02782700942C04 /* Products */ = {
			isa = PBXGroup;
			children = (
				7CEAC1851D02782700942C04 /* Mailbox.app */,
				7CEAC1991D02782700942C04 /* MailboxTests.xctest */,
				7CEAC1A41D02782700942C04 /* MailboxUITests.xctest */,
			);
			name = Products;
			sourceTree = "<group>";
		};
		7CEAC1871D02782700942C04 /* Mailbox */ = {
			isa = PBXGroup;
			children = (
				7CEAC1B61D02818D00942C04 /* viewControllers */,
				7CEAC1881D02782700942C04 /* AppDelegate.swift */,
				7CEAC18A1D02782700942C04 /* ViewController.swift */,
				7CEAC18C1D02782700942C04 /* Main.storyboard */,
				7CEAC18F1D02782700942C04 /* Assets.xcassets */,
				7CEAC1911D02782700942C04 /* LaunchScreen.storyboard */,
				7CEAC1941D02782700942C04 /* Info.plist */,
			);
			path = Mailbox;
			sourceTree = "<group>";
		};
		7CEAC19C1D02782700942C04 /* MailboxTests */ = {
			isa = PBXGroup;
			children = (
				7CEAC19D1D02782700942C04 /* MailboxTests.swift */,
				7CEAC19F1D02782700942C04 /* Info.plist */,
			);
			path = MailboxTests;
			sourceTree = "<group>";
		};
		7CEAC1A71D02782700942C04 /* MailboxUITests */ = {
			isa = PBXGroup;
			children = (
				7CEAC1A81D02782700942C04 /* MailboxUITests.swift */,
				7CEAC1AA1D02782700942C04 /* Info.plist */,
			);
			path = MailboxUITests;
			sourceTree = "<group>";
		};
		7CEAC1B61D02818D00942C04 /* viewControllers */ = {
			isa = PBXGroup;
			children = (
				7CEAC1B71D0281A200942C04 /* MailboxViewController.swift */,
			);
			name = viewControllers;
			sourceTree = "<group>";
		};
/* End PBXGroup section */

/* Begin PBXNativeTarget section */
		7CEAC1841D02782700942C04 /* Mailbox */ = {
			isa = PBXNativeTarget;
			buildConfigurationList = 7CEAC1AD1D02782700942C04 /* Build configuration list for PBXNativeTarget "Mailbox" */;
			buildPhases = (
				7CEAC1811D02782700942C04 /* Sources */,
				7CEAC1821D02782700942C04 /* Frameworks */,
				7CEAC1831D02782700942C04 /* Resources */,
			);
			buildRules = (
			);
			dependencies = (
			);
			name = Mailbox;
			productName = Mailbox;
			productReference = 7CEAC1851D02782700942C04 /* Mailbox.app */;
			productType = "com.apple.product-type.application";
		};
		7CEAC1981D02782700942C04 /* MailboxTests */ = {
			isa = PBXNativeTarget;
			buildConfigurationList = 7CEAC1B01D02782700942C04 /* Build configuration list for PBXNativeTarget "MailboxTests" */;
			buildPhases = (
				7CEAC1951D02782700942C04 /* Sources */,
				7CEAC1961D02782700942C04 /* Frameworks */,
				7CEAC1971D02782700942C04 /* Resources */,
			);
			buildRules = (
			);
			dependencies = (
				7CEAC19B1D02782700942C04 /* PBXTargetDependency */,
			);
			name = MailboxTests;
			productName = MailboxTests;
			productReference = 7CEAC1991D02782700942C04 /* MailboxTests.xctest */;
			productType = "com.apple.product-type.bundle.unit-test";
		};
		7CEAC1A31D02782700942C04 /* MailboxUITests */ = {
			isa = PBXNativeTarget;
			buildConfigurationList = 7CEAC1B31D02782700942C04 /* Build configuration list for PBXNativeTarget "MailboxUITests" */;
			buildPhases = (
				7CEAC1A01D02782700942C04 /* Sources */,
				7CEAC1A11D02782700942C04 /* Frameworks */,
				7CEAC1A21D02782700942C04 /* Resources */,
			);
			buildRules = (
			);
			dependencies = (
				7CEAC1A61D02782700942C04 /* PBXTargetDependency */,
			);
			name = MailboxUITests;
			productName = MailboxUITests;
			productReference = 7CEAC1A41D02782700942C04 /* MailboxUITests.xctest */;
			productType = "com.apple.product-type.bundle.ui-testing";
		};
/* End PBXNativeTarget section */

/* Begin PBXProject section */
		7CEAC17D1D02782700942C04 /* Project object */ = {
			isa = PBXProject;
			attributes = {
				LastSwiftUpdateCheck = 0720;
				LastUpgradeCheck = 0720;
				ORGANIZATIONNAME = "Christopher Chan";
				TargetAttributes = {
					7CEAC1841D02782700942C04 = {
						CreatedOnToolsVersion = 7.2.1;
					};
					7CEAC1981D02782700942C04 = {
						CreatedOnToolsVersion = 7.2.1;
						TestTargetID = 7CEAC1841D02782700942C04;
					};
					7CEAC1A31D02782700942C04 = {
						CreatedOnToolsVersion = 7.2.1;
						TestTargetID = 7CEAC1841D02782700942C04;
					};
				};
			};
			buildConfigurationList = 7CEAC1801D02782700942C04 /* Build configuration list for PBXProject "Mailbox" */;
			compatibilityVersion = "Xcode 3.2";
			developmentRegion = English;
			hasScannedForEncodings = 0;
			knownRegions = (
				en,
				Base,
			);
			mainGroup = 7CEAC17C1D02782700942C04;
			productRefGroup = 7CEAC1861D02782700942C04 /* Products */;
			projectDirPath = "";
			projectRoot = "";
			targets = (
				7CEAC1841D02782700942C04 /* Mailbox */,
				7CEAC1981D02782700942C04 /* MailboxTests */,
				7CEAC1A31D02782700942C04 /* MailboxUITests */,
			);
		};
/* End PBXProject section */

/* Begin PBXResourcesBuildPhase section */
		7CEAC1831D02782700942C04 /* Resources */ = {
			isa = PBXResourcesBuildPhase;
			buildActionMask = 2147483647;
			files = (
				7CEAC1931D02782700942C04 /* LaunchScreen.storyboard in Resources */,
				7CEAC1901D02782700942C04 /* Assets.xcassets in Resources */,
				7CEAC18E1D02782700942C04 /* Main.storyboard in Resources */,
			);
			runOnlyForDeploymentPostprocessing = 0;
		};
		7CEAC1971D02782700942C04 /* Resources */ = {
			isa = PBXResourcesBuildPhase;
			buildActionMask = 2147483647;
			files = (
			);
			runOnlyForDeploymentPostprocessing = 0;
		};
		7CEAC1A21D02782700942C04 /* Resources */ = {
			isa = PBXResourcesBuildPhase;
			buildActionMask = 2147483647;
			files = (
			);
			runOnlyForDeploymentPostprocessing = 0;
		};
/* End PBXResourcesBuildPhase section */

/* Begin PBXSourcesBuildPhase section */
		7CEAC1811D02782700942C04 /* Sources */ = {
			isa = PBXSourcesBuildPhase;
			buildActionMask = 2147483647;
			files = (
				7CEAC18B1D02782700942C04 /* ViewController.swift in Sources */,
				7CEAC1891D02782700942C04 /* AppDelegate.swift in Sources */,
				7CEAC1B81D0281A200942C04 /* MailboxViewController.swift in Sources */,
			);
			runOnlyForDeploymentPostprocessing = 0;
		};
		7CEAC1951D02782700942C04 /* Sources */ = {
			isa = PBXSourcesBuildPhase;
			buildActionMask = 2147483647;
			files = (
				7CEAC19E1D02782700942C04 /* MailboxTests.swift in Sources */,
			);
			runOnlyForDeploymentPostprocessing = 0;
		};
		7CEAC1A01D02782700942C04 /* Sources */ = {
			isa = PBXSourcesBuildPhase;
			buildActionMask = 2147483647;
			files = (
				7CEAC1A91D02782700942C04 /* MailboxUITests.swift in Sources */,
			);
			runOnlyForDeploymentPostprocessing = 0;
		};
/* End PBXSourcesBuildPhase section */

/* Begin PBXTargetDependency section */
		7CEAC19B1D02782700942C04 /* PBXTargetDependency */ = {
			isa = PBXTargetDependency;
			target = 7CEAC1841D02782700942C04 /* Mailbox */;
			targetProxy = 7CEAC19A1D02782700942C04 /* PBXContainerItemProxy */;
		};
		7CEAC1A61D02782700942C04 /* PBXTargetDependency */ = {
			isa = PBXTargetDependency;
			target = 7CEAC1841D02782700942C04 /* Mailbox */;
			targetProxy = 7CEAC1A51D02782700942C04 /* PBXContainerItemProxy */;
		};
/* End PBXTargetDependency section */

/* Begin PBXVariantGroup section */
		7CEAC18C1D02782700942C04 /* Main.storyboard */ = {
			isa = PBXVariantGroup;
			children = (
				7CEAC18D1D02782700942C04 /* Base */,
			);
			name = Main.storyboard;
			sourceTree = "<group>";
		};
		7CEAC1911D02782700942C04 /* LaunchScreen.storyboard */ = {
			isa = PBXVariantGroup;
			children = (
				7CEAC1921D02782700942C04 /* Base */,
			);
			name = LaunchScreen.storyboard;
			sourceTree = "<group>";
		};
/* End PBXVariantGroup section */

/* Begin XCBuildConfiguration section */
		7CEAC1AB1D02782700942C04 /* Debug */ = {
			isa = XCBuildConfiguration;
			buildSettings = {
				ALWAYS_SEARCH_USER_PATHS = NO;
				CLANG_CXX_LANGUAGE_STANDARD = "gnu++0x";
				CLANG_CXX_LIBRARY = "libc++";
				CLANG_ENABLE_MODULES = YES;
				CLANG_ENABLE_OBJC_ARC = YES;
				CLANG_WARN_BOOL_CONVERSION = YES;
				CLANG_WARN_CONSTANT_CONVERSION = YES;
				CLANG_WARN_DIRECT_OBJC_ISA_USAGE = YES_ERROR;
				CLANG_WARN_EMPTY_BODY = YES;
				CLANG_WARN_ENUM_CONVERSION = YES;
				CLANG_WARN_INT_CONVERSION = YES;
				CLANG_WARN_OBJC_ROOT_CLASS = YES_ERROR;
				CLANG_WARN_UNREACHABLE_CODE = YES;
				CLANG_WARN__DUPLICATE_METHOD_MATCH = YES;
				"CODE_SIGN_IDENTITY[sdk=iphoneos*]" = "iPhone Developer";
				COPY_PHASE_STRIP = NO;
				DEBUG_INFORMATION_FORMAT = dwarf;
				ENABLE_STRICT_OBJC_MSGSEND = YES;
				ENABLE_TESTABILITY = YES;
				GCC_C_LANGUAGE_STANDARD = gnu99;
				GCC_DYNAMIC_NO_PIC = NO;
				GCC_NO_COMMON_BLOCKS = YES;
				GCC_OPTIMIZATION_LEVEL = 0;
				GCC_PREPROCESSOR_DEFINITIONS = (
					"DEBUG=1",
					"$(inherited)",
				);
				GCC_WARN_64_TO_32_BIT_CONVERSION = YES;
				GCC_WARN_ABOUT_RETURN_TYPE = YES_ERROR;
				GCC_WARN_UNDECLARED_SELECTOR = YES;
				GCC_WARN_UNINITIALIZED_AUTOS = YES_AGGRESSIVE;
				GCC_WARN_UNUSED_FUNCTION = YES;
				GCC_WARN_UNUSED_VARIABLE = YES;
				IPHONEOS_DEPLOYMENT_TARGET = 9.2;
				MTL_ENABLE_DEBUG_INFO = YES;
				ONLY_ACTIVE_ARCH = YES;
				SDKROOT = iphoneos;
				SWIFT_OPTIMIZATION_LEVEL = "-Onone";
			};
			name = Debug;
		};
		7CEAC1AC1D02782700942C04 /* Release */ = {
			isa = XCBuildConfiguration;
			buildSettings = {
				ALWAYS_SEARCH_USER_PATHS = NO;
				CLANG_CXX_LANGUAGE_STANDARD = "gnu++0x";
				CLANG_CXX_LIBRARY = "libc++";
				CLANG_ENABLE_MODULES = YES;
				CLANG_ENABLE_OBJC_ARC = YES;
				CLANG_WARN_BOOL_CONVERSION = YES;
				CLANG_WARN_CONSTANT_CONVERSION = YES;
				CLANG_WARN_DIRECT_OBJC_ISA_USAGE = YES_ERROR;
				CLANG_WARN_EMPTY_BODY = YES;
				CLANG_WARN_ENUM_CONVERSION = YES;
				CLANG_WARN_INT_CONVERSION = YES;
				CLANG_WARN_OBJC_ROOT_CLASS = YES_ERROR;
				CLANG_WARN_UNREACHABLE_CODE = YES;
				CLANG_WARN__DUPLICATE_METHOD_MATCH = YES;
				"CODE_SIGN_IDENTITY[sdk=iphoneos*]" = "iPhone Developer";
				COPY_PHASE_STRIP = NO;
				DEBUG_INFORMATION_FORMAT = "dwarf-with-dsym";
				ENABLE_NS_ASSERTIONS = NO;
				ENABLE_STRICT_OBJC_MSGSEND = YES;
				GCC_C_LANGUAGE_STANDARD = gnu99;
				GCC_NO_COMMON_BLOCKS = YES;
				GCC_WARN_64_TO_32_BIT_CONVERSION = YES;
				GCC_WARN_ABOUT_RETURN_TYPE = YES_ERROR;
				GCC_WARN_UNDECLARED_SELECTOR = YES;
				GCC_WARN_UNINITIALIZED_AUTOS = YES_AGGRESSIVE;
				GCC_WARN_UNUSED_FUNCTION = YES;
				GCC_WARN_UNUSED_VARIABLE = YES;
				IPHONEOS_DEPLOYMENT_TARGET = 9.2;
				MTL_ENABLE_DEBUG_INFO = NO;
				SDKROOT = iphoneos;
				VALIDATE_PRODUCT = YES;
			};
			name = Release;
		};
		7CEAC1AE1D02782700942C04 /* Debug */ = {
			isa = XCBuildConfiguration;
			buildSettings = {
				ASSETCATALOG_COMPILER_APPICON_NAME = AppIcon;
				INFOPLIST_FILE = Mailbox/Info.plist;
				LD_RUNPATH_SEARCH_PATHS = "$(inherited) @executable_path/Frameworks";
				PRODUCT_BUNDLE_IDENTIFIER = com.codepath.Mailbox;
				PRODUCT_NAME = "$(TARGET_NAME)";
			};
			name = Debug;
		};
		7CEAC1AF1D02782700942C04 /* Release */ = {
			isa = XCBuildConfiguration;
			buildSettings = {
				ASSETCATALOG_COMPILER_APPICON_NAME = AppIcon;
				INFOPLIST_FILE = Mailbox/Info.plist;
				LD_RUNPATH_SEARCH_PATHS = "$(inherited) @executable_path/Frameworks";
				PRODUCT_BUNDLE_IDENTIFIER = com.codepath.Mailbox;
				PRODUCT_NAME = "$(TARGET_NAME)";
			};
			name = Release;
		};
		7CEAC1B11D02782700942C04 /* Debug */ = {
			isa = XCBuildConfiguration;
			buildSettings = {
				BUNDLE_LOADER = "$(TEST_HOST)";
				INFOPLIST_FILE = MailboxTests/Info.plist;
				LD_RUNPATH_SEARCH_PATHS = "$(inherited) @executable_path/Frameworks @loader_path/Frameworks";
				PRODUCT_BUNDLE_IDENTIFIER = com.codepath.MailboxTests;
				PRODUCT_NAME = "$(TARGET_NAME)";
				TEST_HOST = "$(BUILT_PRODUCTS_DIR)/Mailbox.app/Mailbox";
			};
			name = Debug;
		};
		7CEAC1B21D02782700942C04 /* Release */ = {
			isa = XCBuildConfiguration;
			buildSettings = {
				BUNDLE_LOADER = "$(TEST_HOST)";
				INFOPLIST_FILE = MailboxTests/Info.plist;
				LD_RUNPATH_SEARCH_PATHS = "$(inherited) @executable_path/Frameworks @loader_path/Frameworks";
				PRODUCT_BUNDLE_IDENTIFIER = com.codepath.MailboxTests;
				PRODUCT_NAME = "$(TARGET_NAME)";
				TEST_HOST = "$(BUILT_PRODUCTS_DIR)/Mailbox.app/Mailbox";
			};
			name = Release;
		};
		7CEAC1B41D02782700942C04 /* Debug */ = {
			isa = XCBuildConfiguration;
			buildSettings = {
				INFOPLIST_FILE = MailboxUITests/Info.plist;
				LD_RUNPATH_SEARCH_PATHS = "$(inherited) @executable_path/Frameworks @loader_path/Frameworks";
				PRODUCT_BUNDLE_IDENTIFIER = com.codepath.MailboxUITests;
				PRODUCT_NAME = "$(TARGET_NAME)";
				TEST_TARGET_NAME = Mailbox;
				USES_XCTRUNNER = YES;
			};
			name = Debug;
		};
		7CEAC1B51D02782700942C04 /* Release */ = {
			isa = XCBuildConfiguration;
			buildSettings = {
				INFOPLIST_FILE = MailboxUITests/Info.plist;
				LD_RUNPATH_SEARCH_PATHS = "$(inherited) @executable_path/Frameworks @loader_path/Frameworks";
				PRODUCT_BUNDLE_IDENTIFIER = com.codepath.MailboxUITests;
				PRODUCT_NAME = "$(TARGET_NAME)";
				TEST_TARGET_NAME = Mailbox;
				USES_XCTRUNNER = YES;
			};
			name = Release;
		};
/* End XCBuildConfiguration section */

/* Begin XCConfigurationList section */
		7CEAC1801D02782700942C04 /* Build configuration list for PBXProject "Mailbox" */ = {
			isa = XCConfigurationList;
			buildConfigurations = (
				7CEAC1AB1D02782700942C04 /* Debug */,
				7CEAC1AC1D02782700942C04 /* Release */,
			);
			defaultConfigurationIsVisible = 0;
			defaultConfigurationName = Release;
		};
		7CEAC1AD1D02782700942C04 /* Build configuration list for PBXNativeTarget "Mailbox" */ = {
			isa = XCConfigurationList;
			buildConfigurations = (
				7CEAC1AE1D02782700942C04 /* Debug */,
				7CEAC1AF1D02782700942C04 /* Release */,
			);
			defaultConfigurationIsVisible = 0;
		};
		7CEAC1B01D02782700942C04 /* Build configuration list for PBXNativeTarget "MailboxTests" */ = {
			isa = XCConfigurationList;
			buildConfigurations = (
				7CEAC1B11D02782700942C04 /* Debug */,
				7CEAC1B21D02782700942C04 /* Release */,
			);
			defaultConfigurationIsVisible = 0;
		};
		7CEAC1B31D02782700942C04 /* Build configuration list for PBXNativeTarget "MailboxUITests" */ = {
			isa = XCConfigurationList;
			buildConfigurations = (
				7CEAC1B41D02782700942C04 /* Debug */,
				7CEAC1B51D02782700942C04 /* Release */,
			);
			defaultConfigurationIsVisible = 0;
		};
/* End XCConfigurationList section */
	};
	rootObject = 7CEAC17D1D02782700942C04 /* Project object */;
}
